
Microsoft Visual Studio Solution File, Format Version 12.00
# Visual Studio Version 16
VisualStudioVersion = 16.0.31624.102
MinimumVisualStudioVersion = 10.0.40219.1
Project("{FAE04EC0-301F-11D3-BF4B-00C04F79EFBC}") = "ShyBar", "ShyBar\ShyBar.csproj", "{A2497817-46D4-4713-9BFE-C19270B1E390}"
EndProject
Global
	GlobalSection(SolutionConfigurationPlatforms) = preSolution
		Debug|Any CPU = Debug|Any CPU
		Release|Any CPU = Release|Any CPU
	EndGlobalSection
	GlobalSection(ProjectConfigurationPlatforms) = postSolution
		{A2497817-46D4-4713-9BFE-C19270B1E390}.Debug|Any CPU.ActiveCfg = Debug|Any CPU
		{A2497817-46D4-4713-9BFE-C19270B1E390}.Debug|Any CPU.Build.0 = Debug|Any CPU
		{A2497817-46D4-4713-9BFE-C19270B1E390}.Release|Any CPU.ActiveCfg = Release|Any CPU
		{A2497817-46D4-4713-9BFE-C19270B1E390}.Release|Any CPU.Build.0 = Release|Any CPU
	EndGlobalSection
	GlobalSection(SolutionProperties) = preSolution
		HideSolutionNode = FALSE
	EndGlobalSection
	GlobalSection(ExtensibilityGlobals) = postSolution
		SolutionGuid = {4BC3A887-8A97-4B7D-A13A-7E6F1155082E}
	EndGlobalSection
EndGlobal
